
Microsoft Visual Studio Solution File, Format Version 12.00
# Visual Studio Version 16
VisualStudioVersion = 16.0.31205.134
MinimumVisualStudioVersion = 10.0.40219.1
Project("{FAE04EC0-301F-11D3-BF4B-00C04F79EFBC}") = "v0513", "v0513\v0513.csproj", "{AB74FFE1-75BC-43AA-A999-D5BB048EACF1}"
EndProject
Global
	GlobalSection(SolutionConfigurationPlatforms) = preSolution
		Debug|Any CPU = Debug|Any CPU
		Release|Any CPU = Release|Any CPU
	EndGlobalSection
	GlobalSection(ProjectConfigurationPlatforms) = postSolution
		{AB74FFE1-75BC-43AA-A999-D5BB048EACF1}.Debug|Any CPU.ActiveCfg = Debug|Any CPU
		{AB74FFE1-75BC-43AA-A999-D5BB048EACF1}.Debug|Any CPU.Build.0 = Debug|Any CPU
		{AB74FFE1-75BC-43AA-A999-D5BB048EACF1}.Release|Any CPU.ActiveCfg = Release|Any CPU
		{AB74FFE1-75BC-43AA-A999-D5BB048EACF1}.Release|Any CPU.Build.0 = Release|Any CPU
	EndGlobalSection
	GlobalSection(SolutionProperties) = preSolution
		HideSolutionNode = FALSE
	EndGlobalSection
	GlobalSection(ExtensibilityGlobals) = postSolution
		SolutionGuid = {4F8D0964-0FAA-4CAB-B195-47CDA3130A2F}
	EndGlobalSection
EndGlobal
